# This file is generated by running "yarn install" inside your project.
# Manual changes might be lost - proceed with caution!

__metadata:
  version: 4
  cacheKey: 7

"@dual-lab/dlab-kit@workspace:.":
  version: 0.0.0-use.local
  resolution: "@dual-lab/dlab-kit@workspace:."
  dependencies:
    "@dual-lab/tsst": ^1.0.7
    "@types/node": ^14.14.13
    rxjs: ^6.6.3
    typescript: ^4.1.3
  languageName: unknown
  linkType: soft

"@dual-lab/tsst@npm:^1.0.7":
  version: 1.0.7
  resolution: "@dual-lab/tsst@npm:1.0.7"
  dependencies:
    injection-js: ^2.2.1
    rxjs: ^6.3.3
  peerDependencies:
    "@types/node": ">= 10.15.0"
    typescript: ">= 3.1 <4"
  checksum: f53904ff7a01b03b32dbc5a27a9be62aa241e473b9bc895ed1d303a5a65ab18c83d05e86a356464cebea894b2f55723839776fc09e6a4b68c76251a7540668db
  languageName: node
  linkType: hard

"@types/node@npm:^14.14.13":
  version: 14.14.13
  resolution: "@types/node@npm:14.14.13"
  checksum: a879dae2e047e75055b0f4fb217aac31e905e49f921054f6425e8494e7a75dec82d351770b1a0e79a00322345896646a4dadc5fa27c857e392d6909e54cdba9e
  languageName: node
  linkType: hard

"injection-js@npm:^2.2.1":
  version: 2.4.0
  resolution: "injection-js@npm:2.4.0"
  dependencies:
    tslib: ^2.0.0
  checksum: 773476948d29c625e1583a4fdb15bfc413e9849e0f9b76908de4efbda2b884724b77bf81670b5c087d0307552519ffd5fc9019ba2131c6500ba772eceb23d635
  languageName: node
  linkType: hard

"rxjs@npm:^6.3.3, rxjs@npm:^6.6.3":
  version: 6.6.3
  resolution: "rxjs@npm:6.6.3"
  dependencies:
    tslib: ^1.9.0
  checksum: 61a3da6db947f69b7d805df3a619d8f60678b7372c4d571dd63e45ef3532be984a88307ea0aa2cd8d2578b62c3c022186e8da9dca47c9c1b8c9ecba6f5581deb
  languageName: node
  linkType: hard

"tslib@npm:^1.9.0":
  version: 1.14.1
  resolution: "tslib@npm:1.14.1"
  checksum: f44fe7f216946b17d3e3074df3746372703cf24e9127b4c045511456e8e4bf25515fb0a1bb3937676cc305651c5d4fcb6377b0588a4c6a957e748c4c28905d17
  languageName: node
  linkType: hard

"tslib@npm:^2.0.0":
  version: 2.0.3
  resolution: "tslib@npm:2.0.3"
  checksum: 447bfca5deaa157806c3f77eaba74d05dd0b38b014e47ce79d98b5c77ce7d91b00a687ba13ca1b5a74d35ca1098ac7a072c0a97fad06f0266612f2a03a6c8e8f
  languageName: node
  linkType: hard

typescript@^4.1.3:
  version: 4.1.3
  resolution: "typescript@npm:4.1.3"
  bin:
    tsc: bin/tsc
    tsserver: bin/tsserver
  checksum: 4f7ab1506ea22c7a1c313ec5b4285e93ce08d709ad6086d02d3096adb399ca339972ee56d1e578213c51dd0fb7b0fad50283c2d3c39642405644458ae29774f8
  languageName: node
  linkType: hard

"typescript@patch:typescript@^4.1.3#builtin<compat/typescript>":
  version: 4.1.3
  resolution: "typescript@patch:typescript@npm%3A4.1.3#builtin<compat/typescript>::version=4.1.3&hash=cc6730"
  bin:
    tsc: bin/tsc
    tsserver: bin/tsserver
  checksum: 017af992148346e671d5b83b041773825888e9c94db8d2b9472cdbb6d6f0ee85927817473121524d319f8be6ffe5a6904d27ff6ef21356d2274fcadd52e17938
  languageName: node
  linkType: hard
